<?xml version="1.0" encoding="utf-8"?>
<Project ToolsVersion="4.0" xmlns="http://schemas.microsoft.com/developer/msbuild/2003">
  <ItemGroup>
    <Filter Include="Source Files">
      <UniqueIdentifier>{4FC737F1-C7A5-4376-A066-2A32D752A2FF}</UniqueIdentifier>
      <Extensions>cpp;c;cc;cxx;def;odl;idl;hpj;bat;asm;asmx</Extensions>
    </Filter>
    <Filter Include="Header Files">
      <UniqueIdentifier>{93995380-89BD-4b04-88EB-625FBE52EBFB}</UniqueIdentifier>
      <Extensions>h;hpp;hxx;hm;inl;inc;xsd</Extensions>
    </Filter>
    <Filter Include="Resource Files">
      <UniqueIdentifier>{67DA6AB6-F800-4c08-8B7A-83BB121AAD01}</UniqueIdentifier>
      <Extensions>rc;ico;cur;bmp;dlg;rc2;rct;bin;rgs;gif;jpg;jpeg;jpe;resx;tiff;tif;png;wav</Extensions>
    </Filter>
  </ItemGroup>
  <ItemGroup>
    <ClCompile Include="animation.cpp">
      <Filter>Source Files</Filter>
    </ClCompile>
    <ClCompile Include="bmpimage.cpp">
      <Filter>Source Files</Filter>
    </ClCompile>
    <ClCompile Include="camera.cpp">
      <Filter>Source Files</Filter>
    </ClCompile>
    <ClCompile Include="channel.cpp">
      <Filter>Source Files</Filter>
    </ClCompile>
    <ClCompile Include="channelEditor.cpp">
      <Filter>Source Files</Filter>
    </ClCompile>
    <ClCompile Include="cloth.cpp">
      <Filter>Source Files</Filter>
    </ClCompile>
    <ClCompile Include="core.cpp">
      <Filter>Source Files</Filter>
    </ClCompile>
    <ClCompile Include="cube.cpp">
      <Filter>Source Files</Filter>
    </ClCompile>
    <ClCompile Include="dof.cpp">
      <Filter>Source Files</Filter>
    </ClCompile>
    <ClCompile Include="ground.cpp">
      <Filter>Source Files</Filter>
    </ClCompile>
    <ClCompile Include="joint.cpp">
      <Filter>Source Files</Filter>
    </ClCompile>
    <ClCompile Include="keyframe.cpp">
      <Filter>Source Files</Filter>
    </ClCompile>
    <ClCompile Include="matrix34.cpp">
      <Filter>Source Files</Filter>
    </ClCompile>
    <ClCompile Include="morph.cpp">
      <Filter>Source Files</Filter>
    </ClCompile>
    <ClCompile Include="parachute.cpp">
      <Filter>Source Files</Filter>
    </ClCompile>
    <ClCompile Include="particle.cpp">
      <Filter>Source Files</Filter>
    </ClCompile>
    <ClCompile Include="particleSystem.cpp">
      <Filter>Source Files</Filter>
    </ClCompile>
    <ClCompile Include="player.cpp">
      <Filter>Source Files</Filter>
    </ClCompile>
    <ClCompile Include="pose.cpp">
      <Filter>Source Files</Filter>
    </ClCompile>
    <ClCompile Include="rig.cpp">
      <Filter>Source Files</Filter>
    </ClCompile>
    <ClCompile Include="skel.cpp">
      <Filter>Source Files</Filter>
    </ClCompile>
    <ClCompile Include="skin.cpp">
      <Filter>Source Files</Filter>
    </ClCompile>
    <ClCompile Include="springDamper.cpp">
      <Filter>Source Files</Filter>
    </ClCompile>
    <ClCompile Include="tester.cpp">
      <Filter>Source Files</Filter>
    </ClCompile>
    <ClCompile Include="token.cpp">
      <Filter>Source Files</Filter>
    </ClCompile>
    <ClCompile Include="triangle.cpp">
      <Filter>Source Files</Filter>
    </ClCompile>
    <ClCompile Include="vector3.cpp">
      <Filter>Source Files</Filter>
    </ClCompile>
    <ClCompile Include="vertex.cpp">
      <Filter>Source Files</Filter>
    </ClCompile>
  </ItemGroup>
  <ItemGroup>
    <ClInclude Include="animation.h">
      <Filter>Header Files</Filter>
    </ClInclude>
    <ClInclude Include="bmpimage.h">
      <Filter>Header Files</Filter>
    </ClInclude>
    <ClInclude Include="camera.h">
      <Filter>Header Files</Filter>
    </ClInclude>
    <ClInclude Include="channel.h">
      <Filter>Header Files</Filter>
    </ClInclude>
    <ClInclude Include="channelEditor.h">
      <Filter>Header Files</Filter>
    </ClInclude>
    <ClInclude Include="cloth.h">
      <Filter>Header Files</Filter>
    </ClInclude>
    <ClInclude Include="core.h">
      <Filter>Header Files</Filter>
    </ClInclude>
    <ClInclude Include="cube.h">
      <Filter>Header Files</Filter>
    </ClInclude>
    <ClInclude Include="dof.h">
      <Filter>Header Files</Filter>
    </ClInclude>
    <ClInclude Include="ground.h">
      <Filter>Header Files</Filter>
    </ClInclude>
    <ClInclude Include="joint.h">
      <Filter>Header Files</Filter>
    </ClInclude>
    <ClInclude Include="keyframe.h">
      <Filter>Header Files</Filter>
    </ClInclude>
    <ClInclude Include="matrix34.h">
      <Filter>Header Files</Filter>
    </ClInclude>
    <ClInclude Include="morph.h">
      <Filter>Header Files</Filter>
    </ClInclude>
    <ClInclude Include="parachute.h">
      <Filter>Header Files</Filter>
    </ClInclude>
    <ClInclude Include="particle.h">
      <Filter>Header Files</Filter>
    </ClInclude>
    <ClInclude Include="particleSystem.h">
      <Filter>Header Files</Filter>
    </ClInclude>
    <ClInclude Include="player.h">
      <Filter>Header Files</Filter>
    </ClInclude>
    <ClInclude Include="pose.h">
      <Filter>Header Files</Filter>
    </ClInclude>
    <ClInclude Include="rig.h">
      <Filter>Header Files</Filter>
    </ClInclude>
    <ClInclude Include="skel.h">
      <Filter>Header Files</Filter>
    </ClInclude>
    <ClInclude Include="skin.h">
      <Filter>Header Files</Filter>
    </ClInclude>
    <ClInclude Include="springDamper.h">
      <Filter>Header Files</Filter>
    </ClInclude>
    <ClInclude Include="tester.h">
      <Filter>Header Files</Filter>
    </ClInclude>
    <ClInclude Include="token.h">
      <Filter>Header Files</Filter>
    </ClInclude>
    <ClInclude Include="triangle.h">
      <Filter>Header Files</Filter>
    </ClInclude>
    <ClInclude Include="vector3.h">
      <Filter>Header Files</Filter>
    </ClInclude>
    <ClInclude Include="vertex.h">
      <Filter>Header Files</Filter>
    </ClInclude>
  </ItemGroup>
</Project>